
Microsoft Visual Studio Solution File, Format Version 12.00
Project("{FAE04EC0-301F-11D3-BF4B-00C04F79EFBC}") = "Kudiyarov.TrainingPrograms.Core", "Kudiyarov.TrainingPrograms.Core\Kudiyarov.TrainingPrograms.Core.csproj", "{F8680D3A-77A8-40CC-956D-16C621C5F994}"
EndProject
Project("{FAE04EC0-301F-11D3-BF4B-00C04F79EFBC}") = "Kudiyarov.TrainingPrograms.Web", "Kudiyarov.TrainingPrograms.Web\Kudiyarov.TrainingPrograms.Web.csproj", "{B6F07A21-655D-4650-8314-0A7C10A118B9}"
EndProject
Global
	GlobalSection(SolutionConfigurationPlatforms) = preSolution
		Debug|Any CPU = Debug|Any CPU
		Release|Any CPU = Release|Any CPU
	EndGlobalSection
	GlobalSection(ProjectConfigurationPlatforms) = postSolution
		{F8680D3A-77A8-40CC-956D-16C621C5F994}.Debug|Any CPU.ActiveCfg = Debug|Any CPU
		{F8680D3A-77A8-40CC-956D-16C621C5F994}.Debug|Any CPU.Build.0 = Debug|Any CPU
		{F8680D3A-77A8-40CC-956D-16C621C5F994}.Release|Any CPU.ActiveCfg = Release|Any CPU
		{F8680D3A-77A8-40CC-956D-16C621C5F994}.Release|Any CPU.Build.0 = Release|Any CPU
		{B6F07A21-655D-4650-8314-0A7C10A118B9}.Debug|Any CPU.ActiveCfg = Debug|Any CPU
		{B6F07A21-655D-4650-8314-0A7C10A118B9}.Debug|Any CPU.Build.0 = Debug|Any CPU
		{B6F07A21-655D-4650-8314-0A7C10A118B9}.Release|Any CPU.ActiveCfg = Release|Any CPU
		{B6F07A21-655D-4650-8314-0A7C10A118B9}.Release|Any CPU.Build.0 = Release|Any CPU
	EndGlobalSection
EndGlobal
