
Microsoft Visual Studio Solution File, Format Version 12.00
Project("{FAE04EC0-301F-11D3-BF4B-00C04F79EFBC}") = "Kudiyarov.TrainingPrograms.Web", "Kudiyarov.TrainingPrograms.Web\Kudiyarov.TrainingPrograms.Web.csproj", "{B6F07A21-655D-4650-8314-0A7C10A118B9}"
EndProject
Project("{2150E333-8FDC-42A3-9474-1A3956D46DE8}") = "DAL", "DAL", "{6535B739-60E1-4FB5-9377-6EDEC24728BD}"
EndProject
Project("{FAE04EC0-301F-11D3-BF4B-00C04F79EFBC}") = "Kudiyarov.TrainingPrograms.Dal.Interfaces", "Kudiyarov.TrainingPrograms.Dal.Interfaces\Kudiyarov.TrainingPrograms.Dal.Interfaces.csproj", "{A2B0EC14-ECC2-49C5-BB23-CBF3A51251BD}"
EndProject
Project("{FAE04EC0-301F-11D3-BF4B-00C04F79EFBC}") = "Kudiyarov.TrainingPrograms.Dal.Memory", "Kudiyarov.TrainingPrograms.Dal.Memory\Kudiyarov.TrainingPrograms.Dal.Memory.csproj", "{856037AC-C00D-49F2-91AD-E5A77C9D9FDE}"
EndProject
Project("{2150E333-8FDC-42A3-9474-1A3956D46DE8}") = "Implementations", "Implementations", "{9E17E3D9-6013-4027-AE45-58811F9328C1}"
EndProject
Project("{2150E333-8FDC-42A3-9474-1A3956D46DE8}") = "Common", "Common", "{BC4360BF-1CB7-4C59-BF7B-9B87AC8EEA5E}"
EndProject
Project("{FAE04EC0-301F-11D3-BF4B-00C04F79EFBC}") = "Kudiyarov.TrainingPrograms.Entities", "Kudiyarov.TrainingPrograms.Entities\Kudiyarov.TrainingPrograms.Entities.csproj", "{DE784A23-7716-421B-95A1-DEDC2606A6BC}"
EndProject
Project("{2150E333-8FDC-42A3-9474-1A3956D46DE8}") = "BLL", "BLL", "{8BA0D451-3619-41DD-A684-CAE2B3C9C0D8}"
EndProject
Project("{FAE04EC0-301F-11D3-BF4B-00C04F79EFBC}") = "Kudiyarov.TrainingPrograms.Bll.Interfaces", "Kudiyarov.TrainingPrograms.Bll.Interfaces\Kudiyarov.TrainingPrograms.Bll.Interfaces.csproj", "{0596B14D-5734-46F0-BDFF-7D434A979409}"
EndProject
Project("{2150E333-8FDC-42A3-9474-1A3956D46DE8}") = "Implementations", "Implementations", "{7266FD80-3B01-4028-8290-2295346EBF1B}"
EndProject
Project("{FAE04EC0-301F-11D3-BF4B-00C04F79EFBC}") = "Kudiyarov.TrainingPrograms.Bll", "Kudiyarov.TrainingPrograms.Bll\Kudiyarov.TrainingPrograms.Bll.csproj", "{8EB2ADC6-F0B8-44F5-A8B9-2D476EE7C1C2}"
EndProject
Project("{2150E333-8FDC-42A3-9474-1A3956D46DE8}") = "PL", "PL", "{23699678-B23C-4B1B-9A8F-43D0F908B16F}"
EndProject
Global
	GlobalSection(SolutionConfigurationPlatforms) = preSolution
		Debug|Any CPU = Debug|Any CPU
		Release|Any CPU = Release|Any CPU
	EndGlobalSection
	GlobalSection(ProjectConfigurationPlatforms) = postSolution
		{B6F07A21-655D-4650-8314-0A7C10A118B9}.Debug|Any CPU.ActiveCfg = Debug|Any CPU
		{B6F07A21-655D-4650-8314-0A7C10A118B9}.Debug|Any CPU.Build.0 = Debug|Any CPU
		{B6F07A21-655D-4650-8314-0A7C10A118B9}.Release|Any CPU.ActiveCfg = Release|Any CPU
		{B6F07A21-655D-4650-8314-0A7C10A118B9}.Release|Any CPU.Build.0 = Release|Any CPU
		{A2B0EC14-ECC2-49C5-BB23-CBF3A51251BD}.Debug|Any CPU.ActiveCfg = Debug|Any CPU
		{A2B0EC14-ECC2-49C5-BB23-CBF3A51251BD}.Debug|Any CPU.Build.0 = Debug|Any CPU
		{A2B0EC14-ECC2-49C5-BB23-CBF3A51251BD}.Release|Any CPU.ActiveCfg = Release|Any CPU
		{A2B0EC14-ECC2-49C5-BB23-CBF3A51251BD}.Release|Any CPU.Build.0 = Release|Any CPU
		{856037AC-C00D-49F2-91AD-E5A77C9D9FDE}.Debug|Any CPU.ActiveCfg = Debug|Any CPU
		{856037AC-C00D-49F2-91AD-E5A77C9D9FDE}.Debug|Any CPU.Build.0 = Debug|Any CPU
		{856037AC-C00D-49F2-91AD-E5A77C9D9FDE}.Release|Any CPU.ActiveCfg = Release|Any CPU
		{856037AC-C00D-49F2-91AD-E5A77C9D9FDE}.Release|Any CPU.Build.0 = Release|Any CPU
		{DE784A23-7716-421B-95A1-DEDC2606A6BC}.Debug|Any CPU.ActiveCfg = Debug|Any CPU
		{DE784A23-7716-421B-95A1-DEDC2606A6BC}.Debug|Any CPU.Build.0 = Debug|Any CPU
		{DE784A23-7716-421B-95A1-DEDC2606A6BC}.Release|Any CPU.ActiveCfg = Release|Any CPU
		{DE784A23-7716-421B-95A1-DEDC2606A6BC}.Release|Any CPU.Build.0 = Release|Any CPU
		{0596B14D-5734-46F0-BDFF-7D434A979409}.Debug|Any CPU.ActiveCfg = Debug|Any CPU
		{0596B14D-5734-46F0-BDFF-7D434A979409}.Debug|Any CPU.Build.0 = Debug|Any CPU
		{0596B14D-5734-46F0-BDFF-7D434A979409}.Release|Any CPU.ActiveCfg = Release|Any CPU
		{0596B14D-5734-46F0-BDFF-7D434A979409}.Release|Any CPU.Build.0 = Release|Any CPU
		{8EB2ADC6-F0B8-44F5-A8B9-2D476EE7C1C2}.Debug|Any CPU.ActiveCfg = Debug|Any CPU
		{8EB2ADC6-F0B8-44F5-A8B9-2D476EE7C1C2}.Debug|Any CPU.Build.0 = Debug|Any CPU
		{8EB2ADC6-F0B8-44F5-A8B9-2D476EE7C1C2}.Release|Any CPU.ActiveCfg = Release|Any CPU
		{8EB2ADC6-F0B8-44F5-A8B9-2D476EE7C1C2}.Release|Any CPU.Build.0 = Release|Any CPU
	EndGlobalSection
	GlobalSection(NestedProjects) = preSolution
		{A2B0EC14-ECC2-49C5-BB23-CBF3A51251BD} = {6535B739-60E1-4FB5-9377-6EDEC24728BD}
		{9E17E3D9-6013-4027-AE45-58811F9328C1} = {6535B739-60E1-4FB5-9377-6EDEC24728BD}
		{856037AC-C00D-49F2-91AD-E5A77C9D9FDE} = {9E17E3D9-6013-4027-AE45-58811F9328C1}
		{DE784A23-7716-421B-95A1-DEDC2606A6BC} = {BC4360BF-1CB7-4C59-BF7B-9B87AC8EEA5E}
		{0596B14D-5734-46F0-BDFF-7D434A979409} = {8BA0D451-3619-41DD-A684-CAE2B3C9C0D8}
		{7266FD80-3B01-4028-8290-2295346EBF1B} = {8BA0D451-3619-41DD-A684-CAE2B3C9C0D8}
		{8EB2ADC6-F0B8-44F5-A8B9-2D476EE7C1C2} = {7266FD80-3B01-4028-8290-2295346EBF1B}
		{B6F07A21-655D-4650-8314-0A7C10A118B9} = {23699678-B23C-4B1B-9A8F-43D0F908B16F}
	EndGlobalSection
EndGlobal
