
Microsoft Visual Studio Solution File, Format Version 12.00
Project("{FAE04EC0-301F-11D3-BF4B-00C04F79EFBC}") = "WebUi", "WebUi\WebUi.csproj", "{C9C32C22-48A2-45DD-B25E-8C99D536328B}"
EndProject
Project("{FAE04EC0-301F-11D3-BF4B-00C04F79EFBC}") = "Core", "Core\Core.csproj", "{98E7A98C-8A5A-47C9-B207-80C0F9658F6D}"
EndProject
Project("{FAE04EC0-301F-11D3-BF4B-00C04F79EFBC}") = "ConsoleUi", "ConsoleUi\ConsoleUi.csproj", "{E5BC2BF6-51FD-4141-B214-2655E5170B6B}"
EndProject
Global
	GlobalSection(SolutionConfigurationPlatforms) = preSolution
		Debug|Any CPU = Debug|Any CPU
		Release|Any CPU = Release|Any CPU
	EndGlobalSection
	GlobalSection(ProjectConfigurationPlatforms) = postSolution
		{C9C32C22-48A2-45DD-B25E-8C99D536328B}.Debug|Any CPU.ActiveCfg = Debug|Any CPU
		{C9C32C22-48A2-45DD-B25E-8C99D536328B}.Debug|Any CPU.Build.0 = Debug|Any CPU
		{C9C32C22-48A2-45DD-B25E-8C99D536328B}.Release|Any CPU.ActiveCfg = Release|Any CPU
		{C9C32C22-48A2-45DD-B25E-8C99D536328B}.Release|Any CPU.Build.0 = Release|Any CPU
		{98E7A98C-8A5A-47C9-B207-80C0F9658F6D}.Debug|Any CPU.ActiveCfg = Debug|Any CPU
		{98E7A98C-8A5A-47C9-B207-80C0F9658F6D}.Debug|Any CPU.Build.0 = Debug|Any CPU
		{98E7A98C-8A5A-47C9-B207-80C0F9658F6D}.Release|Any CPU.ActiveCfg = Release|Any CPU
		{98E7A98C-8A5A-47C9-B207-80C0F9658F6D}.Release|Any CPU.Build.0 = Release|Any CPU
		{E5BC2BF6-51FD-4141-B214-2655E5170B6B}.Debug|Any CPU.ActiveCfg = Debug|Any CPU
		{E5BC2BF6-51FD-4141-B214-2655E5170B6B}.Debug|Any CPU.Build.0 = Debug|Any CPU
		{E5BC2BF6-51FD-4141-B214-2655E5170B6B}.Release|Any CPU.ActiveCfg = Release|Any CPU
		{E5BC2BF6-51FD-4141-B214-2655E5170B6B}.Release|Any CPU.Build.0 = Release|Any CPU
	EndGlobalSection
EndGlobal
